// !$*UTF8*$!
{
	archiveVersion = 1;
	classes = {
	};
	objectVersion = 46;
	objects = {

/* Begin PBXBuildFile section */
		A99955311ECB30B90067ABC8 /* AppDelegate.swift in Sources */ = {isa = PBXBuildFile; fileRef = A99955301ECB30B90067ABC8 /* AppDelegate.swift */; };
		A99955331ECB30B90067ABC8 /* ViewController.swift in Sources */ = {isa = PBXBuildFile; fileRef = A99955321ECB30B90067ABC8 /* ViewController.swift */; };
		A99955361ECB30B90067ABC8 /* Main.storyboard in Resources */ = {isa = PBXBuildFile; fileRef = A99955341ECB30B90067ABC8 /* Main.storyboard */; };
		A99955381ECB30B90067ABC8 /* Assets.xcassets in Resources */ = {isa = PBXBuildFile; fileRef = A99955371ECB30B90067ABC8 /* Assets.xcassets */; };
		A999553B1ECB30B90067ABC8 /* LaunchScreen.storyboard in Resources */ = {isa = PBXBuildFile; fileRef = A99955391ECB30B90067ABC8 /* LaunchScreen.storyboard */; };
		A99955441ECB327B0067ABC8 /* OAuthSwift.framework in Frameworks */ = {isa = PBXBuildFile; fileRef = A99955431ECB327B0067ABC8 /* OAuthSwift.framework */; };
		A99955471ECB32F90067ABC8 /* ApiKeys.plist in Resources */ = {isa = PBXBuildFile; fileRef = A99955461ECB32F90067ABC8 /* ApiKeys.plist */; };
		A99955601ECC86130067ABC8 /* RxSwift.framework in Frameworks */ = {isa = PBXBuildFile; fileRef = A999555F1ECC86130067ABC8 /* RxSwift.framework */; };
		A99955621ECC86170067ABC8 /* RxCocoa.framework in Frameworks */ = {isa = PBXBuildFile; fileRef = A99955611ECC86170067ABC8 /* RxCocoa.framework */; };
		A99955641ECC861A0067ABC8 /* RxBlocking.framework in Frameworks */ = {isa = PBXBuildFile; fileRef = A99955631ECC861A0067ABC8 /* RxBlocking.framework */; };
		A99955661ECC861F0067ABC8 /* ObjectMapper.framework in Frameworks */ = {isa = PBXBuildFile; fileRef = A99955651ECC861F0067ABC8 /* ObjectMapper.framework */; };
		A999556C1ECC8D9A0067ABC8 /* Requestable.swift in Sources */ = {isa = PBXBuildFile; fileRef = A999556B1ECC8D9A0067ABC8 /* Requestable.swift */; };
/* End PBXBuildFile section */

/* Begin PBXFileReference section */
		A999552D1ECB30B90067ABC8 /* ZaimApiSample.app */ = {isa = PBXFileReference; explicitFileType = wrapper.application; includeInIndex = 0; path = ZaimApiSample.app; sourceTree = BUILT_PRODUCTS_DIR; };
		A99955301ECB30B90067ABC8 /* AppDelegate.swift */ = {isa = PBXFileReference; lastKnownFileType = sourcecode.swift; path = AppDelegate.swift; sourceTree = "<group>"; };
		A99955321ECB30B90067ABC8 /* ViewController.swift */ = {isa = PBXFileReference; lastKnownFileType = sourcecode.swift; path = ViewController.swift; sourceTree = "<group>"; };
		A99955351ECB30B90067ABC8 /* Base */ = {isa = PBXFileReference; lastKnownFileType = file.storyboard; name = Base; path = Base.lproj/Main.storyboard; sourceTree = "<group>"; };
		A99955371ECB30B90067ABC8 /* Assets.xcassets */ = {isa = PBXFileReference; lastKnownFileType = folder.assetcatalog; path = Assets.xcassets; sourceTree = "<group>"; };
		A999553A1ECB30B90067ABC8 /* Base */ = {isa = PBXFileReference; lastKnownFileType = file.storyboard; name = Base; path = Base.lproj/LaunchScreen.storyboard; sourceTree = "<group>"; };
		A999553C1ECB30B90067ABC8 /* Info.plist */ = {isa = PBXFileReference; lastKnownFileType = text.plist.xml; path = Info.plist; sourceTree = "<group>"; };
		A99955431ECB327B0067ABC8 /* OAuthSwift.framework */ = {isa = PBXFileReference; lastKnownFileType = wrapper.framework; name = OAuthSwift.framework; path = Carthage/Build/iOS/OAuthSwift.framework; sourceTree = "<group>"; };
		A99955461ECB32F90067ABC8 /* ApiKeys.plist */ = {isa = PBXFileReference; fileEncoding = 4; lastKnownFileType = text.plist.xml; path = ApiKeys.plist; sourceTree = "<group>"; };
		A999555F1ECC86130067ABC8 /* RxSwift.framework */ = {isa = PBXFileReference; lastKnownFileType = wrapper.framework; name = RxSwift.framework; path = Carthage/Build/iOS/RxSwift.framework; sourceTree = "<group>"; };
		A99955611ECC86170067ABC8 /* RxCocoa.framework */ = {isa = PBXFileReference; lastKnownFileType = wrapper.framework; name = RxCocoa.framework; path = Carthage/Build/iOS/RxCocoa.framework; sourceTree = "<group>"; };
		A99955631ECC861A0067ABC8 /* RxBlocking.framework */ = {isa = PBXFileReference; lastKnownFileType = wrapper.framework; name = RxBlocking.framework; path = Carthage/Build/iOS/RxBlocking.framework; sourceTree = "<group>"; };
		A99955651ECC861F0067ABC8 /* ObjectMapper.framework */ = {isa = PBXFileReference; lastKnownFileType = wrapper.framework; name = ObjectMapper.framework; path = Carthage/Build/iOS/ObjectMapper.framework; sourceTree = "<group>"; };
		A999556B1ECC8D9A0067ABC8 /* Requestable.swift */ = {isa = PBXFileReference; fileEncoding = 4; lastKnownFileType = sourcecode.swift; path = Requestable.swift; sourceTree = "<group>"; };
/* End PBXFileReference section */

/* Begin PBXFrameworksBuildPhase section */
		A999552A1ECB30B90067ABC8 /* Frameworks */ = {
			isa = PBXFrameworksBuildPhase;
			buildActionMask = 2147483647;
			files = (
				A99955441ECB327B0067ABC8 /* OAuthSwift.framework in Frameworks */,
				A99955601ECC86130067ABC8 /* RxSwift.framework in Frameworks */,
				A99955621ECC86170067ABC8 /* RxCocoa.framework in Frameworks */,
				A99955641ECC861A0067ABC8 /* RxBlocking.framework in Frameworks */,
				A99955661ECC861F0067ABC8 /* ObjectMapper.framework in Frameworks */,
			);
			runOnlyForDeploymentPostprocessing = 0;
		};
/* End PBXFrameworksBuildPhase section */

/* Begin PBXGroup section */
		A99955241ECB30B90067ABC8 = {
			isa = PBXGroup;
			children = (
				A999552F1ECB30B90067ABC8 /* ZaimApiSample */,
				A999552E1ECB30B90067ABC8 /* Products */,
				A99955421ECB327B0067ABC8 /* Frameworks */,
			);
			sourceTree = "<group>";
		};
		A999552E1ECB30B90067ABC8 /* Products */ = {
			isa = PBXGroup;
			children = (
				A999552D1ECB30B90067ABC8 /* ZaimApiSample.app */,
			);
			name = Products;
			sourceTree = "<group>";
		};
		A999552F1ECB30B90067ABC8 /* ZaimApiSample */ = {
			isa = PBXGroup;
			children = (
				A99955301ECB30B90067ABC8 /* AppDelegate.swift */,
				A99955321ECB30B90067ABC8 /* ViewController.swift */,
				A999556B1ECC8D9A0067ABC8 /* Requestable.swift */,
				A99955341ECB30B90067ABC8 /* Main.storyboard */,
				A99955371ECB30B90067ABC8 /* Assets.xcassets */,
				A99955391ECB30B90067ABC8 /* LaunchScreen.storyboard */,
				A999553C1ECB30B90067ABC8 /* Info.plist */,
				A99955461ECB32F90067ABC8 /* ApiKeys.plist */,
			);
			path = ZaimApiSample;
			sourceTree = "<group>";
		};
		A99955421ECB327B0067ABC8 /* Frameworks */ = {
			isa = PBXGroup;
			children = (
				A99955651ECC861F0067ABC8 /* ObjectMapper.framework */,
				A99955631ECC861A0067ABC8 /* RxBlocking.framework */,
				A99955611ECC86170067ABC8 /* RxCocoa.framework */,
				A999555F1ECC86130067ABC8 /* RxSwift.framework */,
				A99955431ECB327B0067ABC8 /* OAuthSwift.framework */,
			);
			name = Frameworks;
			sourceTree = "<group>";
		};
/* End PBXGroup section */

/* Begin PBXNativeTarget section */
		A999552C1ECB30B90067ABC8 /* ZaimApiSample */ = {
			isa = PBXNativeTarget;
			buildConfigurationList = A999553F1ECB30B90067ABC8 /* Build configuration list for PBXNativeTarget "ZaimApiSample" */;
			buildPhases = (
				A99955291ECB30B90067ABC8 /* Sources */,
				A999552A1ECB30B90067ABC8 /* Frameworks */,
				A999552B1ECB30B90067ABC8 /* Resources */,
				A99955451ECB32820067ABC8 /* ShellScript */,
			);
			buildRules = (
			);
			dependencies = (
			);
			name = ZaimApiSample;
			productName = ZaimApiSample;
			productReference = A999552D1ECB30B90067ABC8 /* ZaimApiSample.app */;
			productType = "com.apple.product-type.application";
		};
/* End PBXNativeTarget section */

/* Begin PBXProject section */
		A99955251ECB30B90067ABC8 /* Project object */ = {
			isa = PBXProject;
			attributes = {
				LastSwiftUpdateCheck = 0830;
				LastUpgradeCheck = 0830;
				ORGANIZATIONNAME = "Yuki Sumida";
				TargetAttributes = {
					A999552C1ECB30B90067ABC8 = {
						CreatedOnToolsVersion = 8.3.2;
						ProvisioningStyle = Automatic;
					};
				};
			};
			buildConfigurationList = A99955281ECB30B90067ABC8 /* Build configuration list for PBXProject "ZaimApiSample" */;
			compatibilityVersion = "Xcode 3.2";
			developmentRegion = English;
			hasScannedForEncodings = 0;
			knownRegions = (
				en,
				Base,
			);
			mainGroup = A99955241ECB30B90067ABC8;
			productRefGroup = A999552E1ECB30B90067ABC8 /* Products */;
			projectDirPath = "";
			projectRoot = "";
			targets = (
				A999552C1ECB30B90067ABC8 /* ZaimApiSample */,
			);
		};
/* End PBXProject section */

/* Begin PBXResourcesBuildPhase section */
		A999552B1ECB30B90067ABC8 /* Resources */ = {
			isa = PBXResourcesBuildPhase;
			buildActionMask = 2147483647;
			files = (
				A999553B1ECB30B90067ABC8 /* LaunchScreen.storyboard in Resources */,
				A99955471ECB32F90067ABC8 /* ApiKeys.plist in Resources */,
				A99955381ECB30B90067ABC8 /* Assets.xcassets in Resources */,
				A99955361ECB30B90067ABC8 /* Main.storyboard in Resources */,
			);
			runOnlyForDeploymentPostprocessing = 0;
		};
/* End PBXResourcesBuildPhase section */

/* Begin PBXShellScriptBuildPhase section */
		A99955451ECB32820067ABC8 /* ShellScript */ = {
			isa = PBXShellScriptBuildPhase;
			buildActionMask = 2147483647;
			files = (
			);
			inputPaths = (
				"$(SRCROOT)/Carthage/Build/iOS/OAuthSwift.framework",
				"$(SRCROOT)/Carthage/Build/iOS/RxSwift.framework",
				"$(SRCROOT)/Carthage/Build/iOS/RxCocoa.framework",
				"$(SRCROOT)/Carthage/Build/iOS/RxBlocking.framework",
				"$(SRCROOT)/Carthage/Build/iOS/ObjectMapper.framework",
			);
			outputPaths = (
			);
			runOnlyForDeploymentPostprocessing = 0;
			shellPath = /bin/sh;
			shellScript = "/usr/local/bin/carthage copy-frameworks";
		};
/* End PBXShellScriptBuildPhase section */

/* Begin PBXSourcesBuildPhase section */
		A99955291ECB30B90067ABC8 /* Sources */ = {
			isa = PBXSourcesBuildPhase;
			buildActionMask = 2147483647;
			files = (
				A999556C1ECC8D9A0067ABC8 /* Requestable.swift in Sources */,
				A99955331ECB30B90067ABC8 /* ViewController.swift in Sources */,
				A99955311ECB30B90067ABC8 /* AppDelegate.swift in Sources */,
			);
			runOnlyForDeploymentPostprocessing = 0;
		};
/* End PBXSourcesBuildPhase section */

/* Begin PBXVariantGroup section */
		A99955341ECB30B90067ABC8 /* Main.storyboard */ = {
			isa = PBXVariantGroup;
			children = (
				A99955351ECB30B90067ABC8 /* Base */,
			);
			name = Main.storyboard;
			sourceTree = "<group>";
		};
		A99955391ECB30B90067ABC8 /* LaunchScreen.storyboard */ = {
			isa = PBXVariantGroup;
			children = (
				A999553A1ECB30B90067ABC8 /* Base */,
			);
			name = LaunchScreen.storyboard;
			sourceTree = "<group>";
		};
/* End PBXVariantGroup section */

/* Begin XCBuildConfiguration section */
		A999553D1ECB30B90067ABC8 /* Debug */ = {
			isa = XCBuildConfiguration;
			buildSettings = {
				ALWAYS_SEARCH_USER_PATHS = NO;
				CLANG_ANALYZER_NONNULL = YES;
				CLANG_ANALYZER_NUMBER_OBJECT_CONVERSION = YES_AGGRESSIVE;
				CLANG_CXX_LANGUAGE_STANDARD = "gnu++0x";
				CLANG_CXX_LIBRARY = "libc++";
				CLANG_ENABLE_MODULES = YES;
				CLANG_ENABLE_OBJC_ARC = YES;
				CLANG_WARN_BOOL_CONVERSION = YES;
				CLANG_WARN_CONSTANT_CONVERSION = YES;
				CLANG_WARN_DIRECT_OBJC_ISA_USAGE = YES_ERROR;
				CLANG_WARN_DOCUMENTATION_COMMENTS = YES;
				CLANG_WARN_EMPTY_BODY = YES;
				CLANG_WARN_ENUM_CONVERSION = YES;
				CLANG_WARN_INFINITE_RECURSION = YES;
				CLANG_WARN_INT_CONVERSION = YES;
				CLANG_WARN_OBJC_ROOT_CLASS = YES_ERROR;
				CLANG_WARN_SUSPICIOUS_MOVE = YES;
				CLANG_WARN_UNREACHABLE_CODE = YES;
				CLANG_WARN__DUPLICATE_METHOD_MATCH = YES;
				"CODE_SIGN_IDENTITY[sdk=iphoneos*]" = "iPhone Developer";
				COPY_PHASE_STRIP = NO;
				DEBUG_INFORMATION_FORMAT = dwarf;
				ENABLE_STRICT_OBJC_MSGSEND = YES;
				ENABLE_TESTABILITY = YES;
				GCC_C_LANGUAGE_STANDARD = gnu99;
				GCC_DYNAMIC_NO_PIC = NO;
				GCC_NO_COMMON_BLOCKS = YES;
				GCC_OPTIMIZATION_LEVEL = 0;
				GCC_PREPROCESSOR_DEFINITIONS = (
					"DEBUG=1",
					"$(inherited)",
				);
				GCC_WARN_64_TO_32_BIT_CONVERSION = YES;
				GCC_WARN_ABOUT_RETURN_TYPE = YES_ERROR;
				GCC_WARN_UNDECLARED_SELECTOR = YES;
				GCC_WARN_UNINITIALIZED_AUTOS = YES_AGGRESSIVE;
				GCC_WARN_UNUSED_FUNCTION = YES;
				GCC_WARN_UNUSED_VARIABLE = YES;
				IPHONEOS_DEPLOYMENT_TARGET = 10.3;
				MTL_ENABLE_DEBUG_INFO = YES;
				ONLY_ACTIVE_ARCH = YES;
				SDKROOT = iphoneos;
				SWIFT_ACTIVE_COMPILATION_CONDITIONS = DEBUG;
				SWIFT_OPTIMIZATION_LEVEL = "-Onone";
			};
			name = Debug;
		};
		A999553E1ECB30B90067ABC8 /* Release */ = {
			isa = XCBuildConfiguration;
			buildSettings = {
				ALWAYS_SEARCH_USER_PATHS = NO;
				CLANG_ANALYZER_NONNULL = YES;
				CLANG_ANALYZER_NUMBER_OBJECT_CONVERSION = YES_AGGRESSIVE;
				CLANG_CXX_LANGUAGE_STANDARD = "gnu++0x";
				CLANG_CXX_LIBRARY = "libc++";
				CLANG_ENABLE_MODULES = YES;
				CLANG_ENABLE_OBJC_ARC = YES;
				CLANG_WARN_BOOL_CONVERSION = YES;
				CLANG_WARN_CONSTANT_CONVERSION = YES;
				CLANG_WARN_DIRECT_OBJC_ISA_USAGE = YES_ERROR;
				CLANG_WARN_DOCUMENTATION_COMMENTS = YES;
				CLANG_WARN_EMPTY_BODY = YES;
				CLANG_WARN_ENUM_CONVERSION = YES;
				CLANG_WARN_INFINITE_RECURSION = YES;
				CLANG_WARN_INT_CONVERSION = YES;
				CLANG_WARN_OBJC_ROOT_CLASS = YES_ERROR;
				CLANG_WARN_SUSPICIOUS_MOVE = YES;
				CLANG_WARN_UNREACHABLE_CODE = YES;
				CLANG_WARN__DUPLICATE_METHOD_MATCH = YES;
				"CODE_SIGN_IDENTITY[sdk=iphoneos*]" = "iPhone Developer";
				COPY_PHASE_STRIP = NO;
				DEBUG_INFORMATION_FORMAT = "dwarf-with-dsym";
				ENABLE_NS_ASSERTIONS = NO;
				ENABLE_STRICT_OBJC_MSGSEND = YES;
				GCC_C_LANGUAGE_STANDARD = gnu99;
				GCC_NO_COMMON_BLOCKS = YES;
				GCC_WARN_64_TO_32_BIT_CONVERSION = YES;
				GCC_WARN_ABOUT_RETURN_TYPE = YES_ERROR;
				GCC_WARN_UNDECLARED_SELECTOR = YES;
				GCC_WARN_UNINITIALIZED_AUTOS = YES_AGGRESSIVE;
				GCC_WARN_UNUSED_FUNCTION = YES;
				GCC_WARN_UNUSED_VARIABLE = YES;
				IPHONEOS_DEPLOYMENT_TARGET = 10.3;
				MTL_ENABLE_DEBUG_INFO = NO;
				SDKROOT = iphoneos;
				SWIFT_OPTIMIZATION_LEVEL = "-Owholemodule";
				VALIDATE_PRODUCT = YES;
			};
			name = Release;
		};
		A99955401ECB30B90067ABC8 /* Debug */ = {
			isa = XCBuildConfiguration;
			buildSettings = {
				ASSETCATALOG_COMPILER_APPICON_NAME = AppIcon;
				FRAMEWORK_SEARCH_PATHS = (
					"$(inherited)",
					"$(PROJECT_DIR)/Carthage/Build/iOS",
				);
				INFOPLIST_FILE = ZaimApiSample/Info.plist;
				LD_RUNPATH_SEARCH_PATHS = "$(inherited) @executable_path/Frameworks";
				PRODUCT_BUNDLE_IDENTIFIER = sample.ZaimApiSample;
				PRODUCT_NAME = "$(TARGET_NAME)";
				SWIFT_VERSION = 3.0;
			};
			name = Debug;
		};
		A99955411ECB30B90067ABC8 /* Release */ = {
			isa = XCBuildConfiguration;
			buildSettings = {
				ASSETCATALOG_COMPILER_APPICON_NAME = AppIcon;
				FRAMEWORK_SEARCH_PATHS = (
					"$(inherited)",
					"$(PROJECT_DIR)/Carthage/Build/iOS",
				);
				INFOPLIST_FILE = ZaimApiSample/Info.plist;
				LD_RUNPATH_SEARCH_PATHS = "$(inherited) @executable_path/Frameworks";
				PRODUCT_BUNDLE_IDENTIFIER = sample.ZaimApiSample;
				PRODUCT_NAME = "$(TARGET_NAME)";
				SWIFT_VERSION = 3.0;
			};
			name = Release;
		};
/* End XCBuildConfiguration section */

/* Begin XCConfigurationList section */
		A99955281ECB30B90067ABC8 /* Build configuration list for PBXProject "ZaimApiSample" */ = {
			isa = XCConfigurationList;
			buildConfigurations = (
				A999553D1ECB30B90067ABC8 /* Debug */,
				A999553E1ECB30B90067ABC8 /* Release */,
			);
			defaultConfigurationIsVisible = 0;
			defaultConfigurationName = Release;
		};
		A999553F1ECB30B90067ABC8 /* Build configuration list for PBXNativeTarget "ZaimApiSample" */ = {
			isa = XCConfigurationList;
			buildConfigurations = (
				A99955401ECB30B90067ABC8 /* Debug */,
				A99955411ECB30B90067ABC8 /* Release */,
			);
			defaultConfigurationIsVisible = 0;
			defaultConfigurationName = Release;
		};
/* End XCConfigurationList section */
	};
	rootObject = A99955251ECB30B90067ABC8 /* Project object */;
}
